
Microsoft Visual Studio Solution File, Format Version 12.00
# Visual Studio Version 16
VisualStudioVersion = 16.0.30907.101
MinimumVisualStudioVersion = 10.0.40219.1
Project("{9A19103F-16F7-4668-BE54-9A1E7A4F7556}") = "SecureTwister.Client", "SecureTwister.Client\SecureTwister.Client.csproj", "{BCD269B5-D851-4E8C-A47D-02B88CEA8363}"
	ProjectSection(ProjectDependencies) = postProject
		{70502ED5-1138-42F0-B75B-3BCB68FE5F8C} = {70502ED5-1138-42F0-B75B-3BCB68FE5F8C}
	EndProjectSection
EndProject
Project("{9A19103F-16F7-4668-BE54-9A1E7A4F7556}") = "SecureTwister.Server", "SecureTwister.Server\SecureTwister.Server.csproj", "{255AC6B8-13B7-4743-9F5D-970A9AF4CFC0}"
	ProjectSection(ProjectDependencies) = postProject
		{70502ED5-1138-42F0-B75B-3BCB68FE5F8C} = {70502ED5-1138-42F0-B75B-3BCB68FE5F8C}
	EndProjectSection
EndProject
Project("{9A19103F-16F7-4668-BE54-9A1E7A4F7556}") = "SecureTwister.Lib", "SecureTwister.Lib\SecureTwister.Lib.csproj", "{70502ED5-1138-42F0-B75B-3BCB68FE5F8C}"
EndProject
Project("{FAE04EC0-301F-11D3-BF4B-00C04F79EFBC}") = "SecureTwister.Test", "SecureTwister.Test\SecureTwister.Test.csproj", "{EC8673CC-7F81-4EA2-85F0-33E99A55F2B7}"
EndProject
Global
	GlobalSection(SolutionConfigurationPlatforms) = preSolution
		Debug|Any CPU = Debug|Any CPU
		Release|Any CPU = Release|Any CPU
	EndGlobalSection
	GlobalSection(ProjectConfigurationPlatforms) = postSolution
		{BCD269B5-D851-4E8C-A47D-02B88CEA8363}.Debug|Any CPU.ActiveCfg = Debug|Any CPU
		{BCD269B5-D851-4E8C-A47D-02B88CEA8363}.Debug|Any CPU.Build.0 = Debug|Any CPU
		{BCD269B5-D851-4E8C-A47D-02B88CEA8363}.Release|Any CPU.ActiveCfg = Release|Any CPU
		{BCD269B5-D851-4E8C-A47D-02B88CEA8363}.Release|Any CPU.Build.0 = Release|Any CPU
		{255AC6B8-13B7-4743-9F5D-970A9AF4CFC0}.Debug|Any CPU.ActiveCfg = Debug|Any CPU
		{255AC6B8-13B7-4743-9F5D-970A9AF4CFC0}.Debug|Any CPU.Build.0 = Debug|Any CPU
		{255AC6B8-13B7-4743-9F5D-970A9AF4CFC0}.Release|Any CPU.ActiveCfg = Release|Any CPU
		{255AC6B8-13B7-4743-9F5D-970A9AF4CFC0}.Release|Any CPU.Build.0 = Release|Any CPU
		{70502ED5-1138-42F0-B75B-3BCB68FE5F8C}.Debug|Any CPU.ActiveCfg = Debug|Any CPU
		{70502ED5-1138-42F0-B75B-3BCB68FE5F8C}.Debug|Any CPU.Build.0 = Debug|Any CPU
		{70502ED5-1138-42F0-B75B-3BCB68FE5F8C}.Release|Any CPU.ActiveCfg = Release|Any CPU
		{70502ED5-1138-42F0-B75B-3BCB68FE5F8C}.Release|Any CPU.Build.0 = Release|Any CPU
		{EC8673CC-7F81-4EA2-85F0-33E99A55F2B7}.Debug|Any CPU.ActiveCfg = Debug|Any CPU
		{EC8673CC-7F81-4EA2-85F0-33E99A55F2B7}.Debug|Any CPU.Build.0 = Debug|Any CPU
		{EC8673CC-7F81-4EA2-85F0-33E99A55F2B7}.Release|Any CPU.ActiveCfg = Release|Any CPU
		{EC8673CC-7F81-4EA2-85F0-33E99A55F2B7}.Release|Any CPU.Build.0 = Release|Any CPU
	EndGlobalSection
	GlobalSection(SolutionProperties) = preSolution
		HideSolutionNode = FALSE
	EndGlobalSection
	GlobalSection(ExtensibilityGlobals) = postSolution
		SolutionGuid = {729DD4A7-0192-464C-BCFE-3DE46CDE16E7}
	EndGlobalSection
EndGlobal
